
Microsoft Visual Studio Solution File, Format Version 12.00
# Visual Studio 14
VisualStudioVersion = 14.0.25420.1
MinimumVisualStudioVersion = 10.0.40219.1
Project("{FAE04EC0-301F-11D3-BF4B-00C04F79EFBC}") = "HQF.WPF.Controls", "HQF.WPF.Controls\HQF.WPF.Controls.csproj", "{DD5A614F-235F-4BAF-A9D8-A9830A0C639B}"
EndProject
Project("{FAE04EC0-301F-11D3-BF4B-00C04F79EFBC}") = "HQF.WPF.Controls.PrismUnityTest", "HQF.WPF.Controls.PrismUnityTest\HQF.WPF.Controls.PrismUnityTest.csproj", "{99C9E82C-C594-446D-AA59-8FFBC43AD226}"
EndProject
Project("{FAE04EC0-301F-11D3-BF4B-00C04F79EFBC}") = "HQF.WPF.ToolKitDemos", "HQF.WPF.ToolKitDemos\HQF.WPF.ToolKitDemos.csproj", "{AB8B448C-DD74-4D60-A041-3E5D03A32180}"
EndProject
Global
	GlobalSection(SolutionConfigurationPlatforms) = preSolution
		Debug|Any CPU = Debug|Any CPU
		Release|Any CPU = Release|Any CPU
	EndGlobalSection
	GlobalSection(ProjectConfigurationPlatforms) = postSolution
		{DD5A614F-235F-4BAF-A9D8-A9830A0C639B}.Debug|Any CPU.ActiveCfg = Debug|Any CPU
		{DD5A614F-235F-4BAF-A9D8-A9830A0C639B}.Debug|Any CPU.Build.0 = Debug|Any CPU
		{DD5A614F-235F-4BAF-A9D8-A9830A0C639B}.Release|Any CPU.ActiveCfg = Release|Any CPU
		{DD5A614F-235F-4BAF-A9D8-A9830A0C639B}.Release|Any CPU.Build.0 = Release|Any CPU
		{99C9E82C-C594-446D-AA59-8FFBC43AD226}.Debug|Any CPU.ActiveCfg = Debug|Any CPU
		{99C9E82C-C594-446D-AA59-8FFBC43AD226}.Debug|Any CPU.Build.0 = Debug|Any CPU
		{99C9E82C-C594-446D-AA59-8FFBC43AD226}.Release|Any CPU.ActiveCfg = Release|Any CPU
		{99C9E82C-C594-446D-AA59-8FFBC43AD226}.Release|Any CPU.Build.0 = Release|Any CPU
		{AB8B448C-DD74-4D60-A041-3E5D03A32180}.Debug|Any CPU.ActiveCfg = Debug|Any CPU
		{AB8B448C-DD74-4D60-A041-3E5D03A32180}.Debug|Any CPU.Build.0 = Debug|Any CPU
		{AB8B448C-DD74-4D60-A041-3E5D03A32180}.Release|Any CPU.ActiveCfg = Release|Any CPU
		{AB8B448C-DD74-4D60-A041-3E5D03A32180}.Release|Any CPU.Build.0 = Release|Any CPU
	EndGlobalSection
	GlobalSection(SolutionProperties) = preSolution
		HideSolutionNode = FALSE
	EndGlobalSection
EndGlobal
